
Microsoft Visual Studio Solution File, Format Version 12.00
# Visual Studio Version 17
VisualStudioVersion = 17.4.33403.182
MinimumVisualStudioVersion = 10.0.40219.1
Project("{FAE04EC0-301F-11D3-BF4B-00C04F79EFBC}") = "Parsers", "Parsers\Parsers.csproj", "{98782354-1AA3-402E-A10B-51867ED0C5CC}"
EndProject
Project("{FAE04EC0-301F-11D3-BF4B-00C04F79EFBC}") = "Test", "Test\Test.csproj", "{39E21D9B-FF69-4965-9302-661D549F5DE4}"
EndProject
Global
	GlobalSection(SolutionConfigurationPlatforms) = preSolution
		Debug|Any CPU = Debug|Any CPU
		Release|Any CPU = Release|Any CPU
	EndGlobalSection
	GlobalSection(ProjectConfigurationPlatforms) = postSolution
		{98782354-1AA3-402E-A10B-51867ED0C5CC}.Debug|Any CPU.ActiveCfg = Debug|Any CPU
		{98782354-1AA3-402E-A10B-51867ED0C5CC}.Debug|Any CPU.Build.0 = Debug|Any CPU
		{98782354-1AA3-402E-A10B-51867ED0C5CC}.Release|Any CPU.ActiveCfg = Release|Any CPU
		{98782354-1AA3-402E-A10B-51867ED0C5CC}.Release|Any CPU.Build.0 = Release|Any CPU
		{39E21D9B-FF69-4965-9302-661D549F5DE4}.Debug|Any CPU.ActiveCfg = Debug|Any CPU
		{39E21D9B-FF69-4965-9302-661D549F5DE4}.Debug|Any CPU.Build.0 = Debug|Any CPU
		{39E21D9B-FF69-4965-9302-661D549F5DE4}.Release|Any CPU.ActiveCfg = Release|Any CPU
		{39E21D9B-FF69-4965-9302-661D549F5DE4}.Release|Any CPU.Build.0 = Release|Any CPU
	EndGlobalSection
	GlobalSection(SolutionProperties) = preSolution
		HideSolutionNode = FALSE
	EndGlobalSection
	GlobalSection(ExtensibilityGlobals) = postSolution
		SolutionGuid = {06697471-3E49-41CA-A8C2-4AD8AFA6E6FF}
	EndGlobalSection
EndGlobal
